
Microsoft Visual Studio Solution File, Format Version 12.00
# Visual Studio 15
VisualStudioVersion = 15.0.27703.2026
MinimumVisualStudioVersion = 10.0.40219.1
Project("{FAE04EC0-301F-11D3-BF4B-00C04F79EFBC}") = "Capitulo2", "Capitulo2\Capitulo2.csproj", "{F60476C3-6A7D-44FC-BDFC-B8CAE68D4EA9}"
EndProject
Project("{FAE04EC0-301F-11D3-BF4B-00C04F79EFBC}") = "Capitulo3", "Capitulo3\Capitulo3.csproj", "{0C90AB41-4769-4AEF-9FE3-1695F23D7FEB}"
EndProject
Project("{FAE04EC0-301F-11D3-BF4B-00C04F79EFBC}") = "Capitulo4", "Capitulo4\Capitulo4.csproj", "{D59B9E0C-05CF-4038-8435-0D080F06B141}"
EndProject
Project("{FAE04EC0-301F-11D3-BF4B-00C04F79EFBC}") = "Capitulo5", "Capitulo5\Capitulo5.csproj", "{66D92536-1AFE-4F1C-B6A6-FEADC85F8975}"
EndProject
Global
	GlobalSection(SolutionConfigurationPlatforms) = preSolution
		Debug|Any CPU = Debug|Any CPU
		Release|Any CPU = Release|Any CPU
	EndGlobalSection
	GlobalSection(ProjectConfigurationPlatforms) = postSolution
		{F60476C3-6A7D-44FC-BDFC-B8CAE68D4EA9}.Debug|Any CPU.ActiveCfg = Debug|Any CPU
		{F60476C3-6A7D-44FC-BDFC-B8CAE68D4EA9}.Debug|Any CPU.Build.0 = Debug|Any CPU
		{F60476C3-6A7D-44FC-BDFC-B8CAE68D4EA9}.Release|Any CPU.ActiveCfg = Release|Any CPU
		{F60476C3-6A7D-44FC-BDFC-B8CAE68D4EA9}.Release|Any CPU.Build.0 = Release|Any CPU
		{0C90AB41-4769-4AEF-9FE3-1695F23D7FEB}.Debug|Any CPU.ActiveCfg = Debug|Any CPU
		{0C90AB41-4769-4AEF-9FE3-1695F23D7FEB}.Debug|Any CPU.Build.0 = Debug|Any CPU
		{0C90AB41-4769-4AEF-9FE3-1695F23D7FEB}.Release|Any CPU.ActiveCfg = Release|Any CPU
		{0C90AB41-4769-4AEF-9FE3-1695F23D7FEB}.Release|Any CPU.Build.0 = Release|Any CPU
		{D59B9E0C-05CF-4038-8435-0D080F06B141}.Debug|Any CPU.ActiveCfg = Debug|Any CPU
		{D59B9E0C-05CF-4038-8435-0D080F06B141}.Debug|Any CPU.Build.0 = Debug|Any CPU
		{D59B9E0C-05CF-4038-8435-0D080F06B141}.Release|Any CPU.ActiveCfg = Release|Any CPU
		{D59B9E0C-05CF-4038-8435-0D080F06B141}.Release|Any CPU.Build.0 = Release|Any CPU
		{66D92536-1AFE-4F1C-B6A6-FEADC85F8975}.Debug|Any CPU.ActiveCfg = Debug|Any CPU
		{66D92536-1AFE-4F1C-B6A6-FEADC85F8975}.Debug|Any CPU.Build.0 = Debug|Any CPU
		{66D92536-1AFE-4F1C-B6A6-FEADC85F8975}.Release|Any CPU.ActiveCfg = Release|Any CPU
		{66D92536-1AFE-4F1C-B6A6-FEADC85F8975}.Release|Any CPU.Build.0 = Release|Any CPU
	EndGlobalSection
	GlobalSection(SolutionProperties) = preSolution
		HideSolutionNode = FALSE
	EndGlobalSection
	GlobalSection(ExtensibilityGlobals) = postSolution
		SolutionGuid = {C71755BF-9E01-4D5A-A8FA-F4158180F4D4}
	EndGlobalSection
EndGlobal
